
Microsoft Visual Studio Solution File, Format Version 12.00
# Visual Studio Version 17
VisualStudioVersion = 17.4.33103.184
MinimumVisualStudioVersion = 10.0.40219.1
Project("{9A19103F-16F7-4668-BE54-9A1E7A4F7556}") = "Stormhaven Weather Generator", "Stormhaven Weather Generator\Stormhaven Weather Generator.csproj", "{AC51BDB4-71EA-417A-84E0-0FA6D37D848E}"
EndProject
Project("{2150E333-8FDC-42A3-9474-1A3956D46DE8}") = "Solution Items", "Solution Items", "{EA12B48D-24B1-4E5A-9AE2-CBDC09CD9D1E}"
	ProjectSection(SolutionItems) = preProject
		.editorconfig = .editorconfig
	EndProjectSection
EndProject
Global
	GlobalSection(SolutionConfigurationPlatforms) = preSolution
		Debug|Any CPU = Debug|Any CPU
		Release|Any CPU = Release|Any CPU
	EndGlobalSection
	GlobalSection(ProjectConfigurationPlatforms) = postSolution
		{AC51BDB4-71EA-417A-84E0-0FA6D37D848E}.Debug|Any CPU.ActiveCfg = Debug|Any CPU
		{AC51BDB4-71EA-417A-84E0-0FA6D37D848E}.Debug|Any CPU.Build.0 = Debug|Any CPU
		{AC51BDB4-71EA-417A-84E0-0FA6D37D848E}.Release|Any CPU.ActiveCfg = Release|Any CPU
		{AC51BDB4-71EA-417A-84E0-0FA6D37D848E}.Release|Any CPU.Build.0 = Release|Any CPU
	EndGlobalSection
	GlobalSection(SolutionProperties) = preSolution
		HideSolutionNode = FALSE
	EndGlobalSection
	GlobalSection(ExtensibilityGlobals) = postSolution
		SolutionGuid = {723B6316-0880-49F5-BC69-1BB4B37913A1}
	EndGlobalSection
EndGlobal
